
Microsoft Visual Studio Solution File, Format Version 12.00
# Visual Studio Version 17
VisualStudioVersion = 17.0.32112.339
MinimumVisualStudioVersion = 10.0.40219.1
Project("{FAE04EC0-301F-11D3-BF4B-00C04F79EFBC}") = "RestApiSampleCore5", "RestApiSampleCore5\RestApiSampleCore5.csproj", "{9FFA9EBC-4A49-4DB1-8648-54A58D539EDD}"
EndProject
Project("{FAE04EC0-301F-11D3-BF4B-00C04F79EFBC}") = "EntitiesAndCore", "Entities\EntitiesAndCore.csproj", "{D5FC4887-8C81-4755-B71D-6DC13C86BEC3}"
EndProject
Global
	GlobalSection(SolutionConfigurationPlatforms) = preSolution
		Debug|Any CPU = Debug|Any CPU
		Release|Any CPU = Release|Any CPU
	EndGlobalSection
	GlobalSection(ProjectConfigurationPlatforms) = postSolution
		{9FFA9EBC-4A49-4DB1-8648-54A58D539EDD}.Debug|Any CPU.ActiveCfg = Debug|Any CPU
		{9FFA9EBC-4A49-4DB1-8648-54A58D539EDD}.Debug|Any CPU.Build.0 = Debug|Any CPU
		{9FFA9EBC-4A49-4DB1-8648-54A58D539EDD}.Release|Any CPU.ActiveCfg = Release|Any CPU
		{9FFA9EBC-4A49-4DB1-8648-54A58D539EDD}.Release|Any CPU.Build.0 = Release|Any CPU
		{D5FC4887-8C81-4755-B71D-6DC13C86BEC3}.Debug|Any CPU.ActiveCfg = Debug|Any CPU
		{D5FC4887-8C81-4755-B71D-6DC13C86BEC3}.Debug|Any CPU.Build.0 = Debug|Any CPU
		{D5FC4887-8C81-4755-B71D-6DC13C86BEC3}.Release|Any CPU.ActiveCfg = Release|Any CPU
		{D5FC4887-8C81-4755-B71D-6DC13C86BEC3}.Release|Any CPU.Build.0 = Release|Any CPU
	EndGlobalSection
	GlobalSection(SolutionProperties) = preSolution
		HideSolutionNode = FALSE
	EndGlobalSection
	GlobalSection(ExtensibilityGlobals) = postSolution
		SolutionGuid = {24B14B08-72F7-407E-9125-771DC8996616}
	EndGlobalSection
EndGlobal
